
Microsoft Visual Studio Solution File, Format Version 12.00
# Visual Studio Version 17
VisualStudioVersion = 17.2.32616.157
MinimumVisualStudioVersion = 10.0.40219.1
Project("{8BC9CEB8-8B4A-11D0-8D11-00A0C91BC942}") = "fixed_point128", "fixed_point128.vcxproj", "{16BA4EFF-3569-418B-82BF-F2B5DEB3D612}"
EndProject
Global
	GlobalSection(SolutionConfigurationPlatforms) = preSolution
		Debug|x64 = Debug|x64
		Release|x64 = Release|x64
		Release (LLVM)|x64 = Release (LLVM)|x64
		Release (ic19)|x64 = Release (ic19)|x64
		Release (ic23)|x64 = Release (ic23)|x64
		Release (ic23dpc)|x64 = Release (ic23dpc)|x64
	EndGlobalSection
	GlobalSection(ProjectConfigurationPlatforms) = postSolution
		{16BA4EFF-3569-418B-82BF-F2B5DEB3D612}.Debug|x64.ActiveCfg = Debug|x64
		{16BA4EFF-3569-418B-82BF-F2B5DEB3D612}.Debug|x64.Build.0 = Debug|x64
		{16BA4EFF-3569-418B-82BF-F2B5DEB3D612}.Release (LLVM)|x64.ActiveCfg = Release (LLVM)|x64
		{16BA4EFF-3569-418B-82BF-F2B5DEB3D612}.Release (LLVM)|x64.Build.0 = Release (LLVM)|x64
		{16BA4EFF-3569-418B-82BF-F2B5DEB3D612}.Release (ic19)|x64.ActiveCfg = Release (ic19)|x64
		{16BA4EFF-3569-418B-82BF-F2B5DEB3D612}.Release (ic19)|x64.Build.0 = Release (ic19)|x64
		{16BA4EFF-3569-418B-82BF-F2B5DEB3D612}.Release (ic23)|x64.ActiveCfg = Release (ic23)|x64
		{16BA4EFF-3569-418B-82BF-F2B5DEB3D612}.Release (ic23)|x64.Build.0 = Release (ic23)|x64
		{16BA4EFF-3569-418B-82BF-F2B5DEB3D612}.Release (ic23dpc)|x64.ActiveCfg = Release (ic23dpc)|x64
		{16BA4EFF-3569-418B-82BF-F2B5DEB3D612}.Release (ic23dpc)|x64.Build.0 = Release (ic23dpc)|x64
		{16BA4EFF-3569-418B-82BF-F2B5DEB3D612}.Release|x64.ActiveCfg = Release|x64
		{16BA4EFF-3569-418B-82BF-F2B5DEB3D612}.Release|x64.Build.0 = Release|x64
	EndGlobalSection
	GlobalSection(SolutionProperties) = preSolution
		HideSolutionNode = FALSE
	EndGlobalSection
	GlobalSection(ExtensibilityGlobals) = postSolution
		SolutionGuid = {F4374EC0-D199-4BA8-9694-5FA2E335FE8A}
	EndGlobalSection
EndGlobal
